// !$*UTF8*$!
{
	archiveVersion = 1;
	classes = {
	};
	objectVersion = 55;
	objects = {

/* Begin PBXBuildFile section */
		01587D931BCA5A900CD8A96F /* Pods_MELITest.framework in Frameworks */ = {isa = PBXBuildFile; fileRef = 894743BD9C551CD53456B221 /* Pods_MELITest.framework */; };
		3A2C2574A7394D1887B45B38 /* Pods_MELITestTests.framework in Frameworks */ = {isa = PBXBuildFile; fileRef = 59A6C6918F889F6FE9A60BED /* Pods_MELITestTests.framework */; };
		5B05CD7227DFBC0000E9047D /* AppDelegate.swift in Sources */ = {isa = PBXBuildFile; fileRef = 5B05CD7127DFBC0000E9047D /* AppDelegate.swift */; };
		5B05CD7427DFBC0000E9047D /* SceneDelegate.swift in Sources */ = {isa = PBXBuildFile; fileRef = 5B05CD7327DFBC0000E9047D /* SceneDelegate.swift */; };
		5B05CD7B27DFBC0200E9047D /* Assets.xcassets in Resources */ = {isa = PBXBuildFile; fileRef = 5B05CD7A27DFBC0200E9047D /* Assets.xcassets */; };
		5B05CD7E27DFBC0200E9047D /* LaunchScreen.storyboard in Resources */ = {isa = PBXBuildFile; fileRef = 5B05CD7C27DFBC0200E9047D /* LaunchScreen.storyboard */; };
		5B05CD8927DFBC0300E9047D /* MELITestTests.swift in Sources */ = {isa = PBXBuildFile; fileRef = 5B05CD8827DFBC0300E9047D /* MELITestTests.swift */; };
		5B05CD9327DFBC0300E9047D /* MELITestUITests.swift in Sources */ = {isa = PBXBuildFile; fileRef = 5B05CD9227DFBC0300E9047D /* MELITestUITests.swift */; };
		5B05CD9527DFBC0300E9047D /* MELITestUITestsLaunchTests.swift in Sources */ = {isa = PBXBuildFile; fileRef = 5B05CD9427DFBC0300E9047D /* MELITestUITestsLaunchTests.swift */; };
		5B05CDA527DFBC8900E9047D /* ApiService.swift in Sources */ = {isa = PBXBuildFile; fileRef = 5B05CDA427DFBC8900E9047D /* ApiService.swift */; };
		5B05CDB627DFCD5500E9047D /* NetworkManager.swift in Sources */ = {isa = PBXBuildFile; fileRef = 5B05CDB527DFCD5500E9047D /* NetworkManager.swift */; };
		5B05CDB827DFCD8000E9047D /* NetworkError.swift in Sources */ = {isa = PBXBuildFile; fileRef = 5B05CDB727DFCD8000E9047D /* NetworkError.swift */; };
		5B05CDBA27DFD04200E9047D /* NetworkMethod.swift in Sources */ = {isa = PBXBuildFile; fileRef = 5B05CDB927DFD04200E9047D /* NetworkMethod.swift */; };
		5B05CDBD27DFD29000E9047D /* ModuleFindItems.swift in Sources */ = {isa = PBXBuildFile; fileRef = 5B05CDBC27DFD29000E9047D /* ModuleFindItems.swift */; };
		5B51482127E2502100EB95FD /* FindItemsRouter.swift in Sources */ = {isa = PBXBuildFile; fileRef = 5B51482027E2502100EB95FD /* FindItemsRouter.swift */; };
		5B51482727E25A2600EB95FD /* FindItemsPresenter.swift in Sources */ = {isa = PBXBuildFile; fileRef = 5B51482627E25A2600EB95FD /* FindItemsPresenter.swift */; };
		5B51482927E25A3D00EB95FD /* FindItemsManagerWorker.swift in Sources */ = {isa = PBXBuildFile; fileRef = 5B51482827E25A3D00EB95FD /* FindItemsManagerWorker.swift */; };
		5B51482C27E25A7C00EB95FD /* FindItemsViewModel.swift in Sources */ = {isa = PBXBuildFile; fileRef = 5B51482B27E25A7C00EB95FD /* FindItemsViewModel.swift */; };
		5B51482E27E25AAA00EB95FD /* FindItemsInteractor.swift in Sources */ = {isa = PBXBuildFile; fileRef = 5B51482D27E25AAA00EB95FD /* FindItemsInteractor.swift */; };
		5B51483227E2618400EB95FD /* FindResult.swift in Sources */ = {isa = PBXBuildFile; fileRef = 5B51483127E2618400EB95FD /* FindResult.swift */; };
		5B51483627E267B500EB95FD /* Data+extension.swift in Sources */ = {isa = PBXBuildFile; fileRef = 5B51483527E267B500EB95FD /* Data+extension.swift */; };
		5B99452727E6603B00004757 /* InfoItemCollectionViewCell.swift in Sources */ = {isa = PBXBuildFile; fileRef = 5B99452527E6603B00004757 /* InfoItemCollectionViewCell.swift */; };
		5B99452827E6603B00004757 /* InfoItemCollectionViewCell.xib in Resources */ = {isa = PBXBuildFile; fileRef = 5B99452627E6603B00004757 /* InfoItemCollectionViewCell.xib */; };
		5B99452D27E67C9B00004757 /* FooterCollectionViewCell.swift in Sources */ = {isa = PBXBuildFile; fileRef = 5B99452B27E67C9B00004757 /* FooterCollectionViewCell.swift */; };
		5B99452E27E67C9B00004757 /* FooterCollectionViewCell.xib in Resources */ = {isa = PBXBuildFile; fileRef = 5B99452C27E67C9B00004757 /* FooterCollectionViewCell.xib */; };
		5B99453127E783FE00004757 /* Logger.swift in Sources */ = {isa = PBXBuildFile; fileRef = 5B99453027E783FE00004757 /* Logger.swift */; };
		5BBFA5E127E3A8C00007D10C /* FindItemsViewController.swift in Sources */ = {isa = PBXBuildFile; fileRef = 5BBFA5DF27E3A8C00007D10C /* FindItemsViewController.swift */; };
		5BBFA5E227E3A8C00007D10C /* FindItemsViewController.xib in Resources */ = {isa = PBXBuildFile; fileRef = 5BBFA5E027E3A8C00007D10C /* FindItemsViewController.xib */; };
		5BBFA5E427E3AAC20007D10C /* FindSection.swift in Sources */ = {isa = PBXBuildFile; fileRef = 5BBFA5E327E3AAC20007D10C /* FindSection.swift */; };
		5BBFA5E627E3AB140007D10C /* FindItem.swift in Sources */ = {isa = PBXBuildFile; fileRef = 5BBFA5E527E3AB140007D10C /* FindItem.swift */; };
		5BBFA5F127E3B4E80007D10C /* LoadingCollectionViewCell.swift in Sources */ = {isa = PBXBuildFile; fileRef = 5BBFA5EF27E3B4E80007D10C /* LoadingCollectionViewCell.swift */; };
		5BBFA5F227E3B4E80007D10C /* LoadingCollectionViewCell.xib in Resources */ = {isa = PBXBuildFile; fileRef = 5BBFA5F027E3B4E80007D10C /* LoadingCollectionViewCell.xib */; };
		5BBFA5F627E3C6080007D10C /* ApplyItemCollectionViewCell.swift in Sources */ = {isa = PBXBuildFile; fileRef = 5BBFA5F427E3C6080007D10C /* ApplyItemCollectionViewCell.swift */; };
		5BBFA5F727E3C6080007D10C /* ApplyItemCollectionViewCell.xib in Resources */ = {isa = PBXBuildFile; fileRef = 5BBFA5F527E3C6080007D10C /* ApplyItemCollectionViewCell.xib */; };
		5BBFA5FA27E3D7D80007D10C /* FindEmptyView.swift in Sources */ = {isa = PBXBuildFile; fileRef = 5BBFA5F927E3D7D80007D10C /* FindEmptyView.swift */; };
		5BBFA5FC27E3D7E80007D10C /* FindEmptyView.xib in Resources */ = {isa = PBXBuildFile; fileRef = 5BBFA5FB27E3D7E80007D10C /* FindEmptyView.xib */; };
		5BBFA5FE27E3DB800007D10C /* UIView+extension.swift in Sources */ = {isa = PBXBuildFile; fileRef = 5BBFA5FD27E3DB800007D10C /* UIView+extension.swift */; };
		5BBFA60627E3E4870007D10C /* ModuleDetailItem.swift in Sources */ = {isa = PBXBuildFile; fileRef = 5BBFA60527E3E4870007D10C /* ModuleDetailItem.swift */; };
		5BBFA60827E3E4B10007D10C /* DetailItemRouter.swift in Sources */ = {isa = PBXBuildFile; fileRef = 5BBFA60727E3E4B10007D10C /* DetailItemRouter.swift */; };
		5BBFA60A27E3E4D20007D10C /* DetailtemManagerWorker.swift in Sources */ = {isa = PBXBuildFile; fileRef = 5BBFA60927E3E4D20007D10C /* DetailtemManagerWorker.swift */; };
		5BBFA60C27E3E4EB0007D10C /* DetailItemInteractor.swift in Sources */ = {isa = PBXBuildFile; fileRef = 5BBFA60B27E3E4EB0007D10C /* DetailItemInteractor.swift */; };
		5BBFA61027E3E52C0007D10C /* DetailItemPresenter.swift in Sources */ = {isa = PBXBuildFile; fileRef = 5BBFA60F27E3E52C0007D10C /* DetailItemPresenter.swift */; };
		5BBFA61427E3E5430007D10C /* DetailItemViewController.swift in Sources */ = {isa = PBXBuildFile; fileRef = 5BBFA61227E3E5430007D10C /* DetailItemViewController.swift */; };
		5BBFA61527E3E5430007D10C /* DetailItemViewController.xib in Resources */ = {isa = PBXBuildFile; fileRef = 5BBFA61327E3E5430007D10C /* DetailItemViewController.xib */; };
		5BBFA62627E509B10007D10C /* ItemDetail.swift in Sources */ = {isa = PBXBuildFile; fileRef = 5BBFA62527E509B10007D10C /* ItemDetail.swift */; };
		5BBFA62B27E516510007D10C /* DetailResult.swift in Sources */ = {isa = PBXBuildFile; fileRef = 5BBFA62A27E516510007D10C /* DetailResult.swift */; };
		5BBFA62D27E5166C0007D10C /* DetailSection.swift in Sources */ = {isa = PBXBuildFile; fileRef = 5BBFA62C27E5166C0007D10C /* DetailSection.swift */; };
		5BBFA63227E51E350007D10C /* HeaderDetailCollectionViewCell.swift in Sources */ = {isa = PBXBuildFile; fileRef = 5BBFA63027E51E350007D10C /* HeaderDetailCollectionViewCell.swift */; };
		5BBFA63327E51E360007D10C /* HeaderDetailCollectionViewCell.xib in Resources */ = {isa = PBXBuildFile; fileRef = 5BBFA63127E51E350007D10C /* HeaderDetailCollectionViewCell.xib */; };
		5BBFA63527E51F750007D10C /* DetailViewModel.swift in Sources */ = {isa = PBXBuildFile; fileRef = 5BBFA63427E51F750007D10C /* DetailViewModel.swift */; };
		5BBFA63727E522EF0007D10C /* DetailPicturesViewModel.swift in Sources */ = {isa = PBXBuildFile; fileRef = 5BBFA63627E522EF0007D10C /* DetailPicturesViewModel.swift */; };
		5BBFA63C27E525730007D10C /* PictureCollectionViewCell.swift in Sources */ = {isa = PBXBuildFile; fileRef = 5BBFA63A27E525730007D10C /* PictureCollectionViewCell.swift */; };
		5BBFA63D27E525730007D10C /* PictureCollectionViewCell.xib in Resources */ = {isa = PBXBuildFile; fileRef = 5BBFA63B27E525730007D10C /* PictureCollectionViewCell.xib */; };
		B206BACCA0510B687AF5AFD3 /* Pods_MELITest_MELITestUITests.framework in Frameworks */ = {isa = PBXBuildFile; fileRef = 79F3D36DE854AEA2781D3810 /* Pods_MELITest_MELITestUITests.framework */; };
/* End PBXBuildFile section */

/* Begin PBXContainerItemProxy section */
		5B05CD8527DFBC0300E9047D /* PBXContainerItemProxy */ = {
			isa = PBXContainerItemProxy;
			containerPortal = 5B05CD6627DFBC0000E9047D /* Project object */;
			proxyType = 1;
			remoteGlobalIDString = 5B05CD6D27DFBC0000E9047D;
			remoteInfo = MELITest;
		};
		5B05CD8F27DFBC0300E9047D /* PBXContainerItemProxy */ = {
			isa = PBXContainerItemProxy;
			containerPortal = 5B05CD6627DFBC0000E9047D /* Project object */;
			proxyType = 1;
			remoteGlobalIDString = 5B05CD6D27DFBC0000E9047D;
			remoteInfo = MELITest;
		};
/* End PBXContainerItemProxy section */

/* Begin PBXFileReference section */
		47F205A0A96D53D567D1D89E /* Pods-MELITest.release.xcconfig */ = {isa = PBXFileReference; includeInIndex = 1; lastKnownFileType = text.xcconfig; name = "Pods-MELITest.release.xcconfig"; path = "Target Support Files/Pods-MELITest/Pods-MELITest.release.xcconfig"; sourceTree = "<group>"; };
		59A6C6918F889F6FE9A60BED /* Pods_MELITestTests.framework */ = {isa = PBXFileReference; explicitFileType = wrapper.framework; includeInIndex = 0; path = Pods_MELITestTests.framework; sourceTree = BUILT_PRODUCTS_DIR; };
		5B05CD6E27DFBC0000E9047D /* MELITest.app */ = {isa = PBXFileReference; explicitFileType = wrapper.application; includeInIndex = 0; path = MELITest.app; sourceTree = BUILT_PRODUCTS_DIR; };
		5B05CD7127DFBC0000E9047D /* AppDelegate.swift */ = {isa = PBXFileReference; lastKnownFileType = sourcecode.swift; path = AppDelegate.swift; sourceTree = "<group>"; };
		5B05CD7327DFBC0000E9047D /* SceneDelegate.swift */ = {isa = PBXFileReference; lastKnownFileType = sourcecode.swift; path = SceneDelegate.swift; sourceTree = "<group>"; };
		5B05CD7A27DFBC0200E9047D /* Assets.xcassets */ = {isa = PBXFileReference; lastKnownFileType = folder.assetcatalog; path = Assets.xcassets; sourceTree = "<group>"; };
		5B05CD7D27DFBC0200E9047D /* Base */ = {isa = PBXFileReference; lastKnownFileType = file.storyboard; name = Base; path = Base.lproj/LaunchScreen.storyboard; sourceTree = "<group>"; };
		5B05CD7F27DFBC0200E9047D /* Info.plist */ = {isa = PBXFileReference; lastKnownFileType = text.plist.xml; path = Info.plist; sourceTree = "<group>"; };
		5B05CD8427DFBC0300E9047D /* MELITestTests.xctest */ = {isa = PBXFileReference; explicitFileType = wrapper.cfbundle; includeInIndex = 0; path = MELITestTests.xctest; sourceTree = BUILT_PRODUCTS_DIR; };
		5B05CD8827DFBC0300E9047D /* MELITestTests.swift */ = {isa = PBXFileReference; lastKnownFileType = sourcecode.swift; path = MELITestTests.swift; sourceTree = "<group>"; };
		5B05CD8E27DFBC0300E9047D /* MELITestUITests.xctest */ = {isa = PBXFileReference; explicitFileType = wrapper.cfbundle; includeInIndex = 0; path = MELITestUITests.xctest; sourceTree = BUILT_PRODUCTS_DIR; };
		5B05CD9227DFBC0300E9047D /* MELITestUITests.swift */ = {isa = PBXFileReference; lastKnownFileType = sourcecode.swift; path = MELITestUITests.swift; sourceTree = "<group>"; };
		5B05CD9427DFBC0300E9047D /* MELITestUITestsLaunchTests.swift */ = {isa = PBXFileReference; lastKnownFileType = sourcecode.swift; path = MELITestUITestsLaunchTests.swift; sourceTree = "<group>"; };
		5B05CDA427DFBC8900E9047D /* ApiService.swift */ = {isa = PBXFileReference; lastKnownFileType = sourcecode.swift; path = ApiService.swift; sourceTree = "<group>"; };
		5B05CDB527DFCD5500E9047D /* NetworkManager.swift */ = {isa = PBXFileReference; lastKnownFileType = sourcecode.swift; path = NetworkManager.swift; sourceTree = "<group>"; };
		5B05CDB727DFCD8000E9047D /* NetworkError.swift */ = {isa = PBXFileReference; lastKnownFileType = sourcecode.swift; path = NetworkError.swift; sourceTree = "<group>"; };
		5B05CDB927DFD04200E9047D /* NetworkMethod.swift */ = {isa = PBXFileReference; lastKnownFileType = sourcecode.swift; path = NetworkMethod.swift; sourceTree = "<group>"; };
		5B05CDBC27DFD29000E9047D /* ModuleFindItems.swift */ = {isa = PBXFileReference; lastKnownFileType = sourcecode.swift; path = ModuleFindItems.swift; sourceTree = "<group>"; };
		5B51482027E2502100EB95FD /* FindItemsRouter.swift */ = {isa = PBXFileReference; lastKnownFileType = sourcecode.swift; path = FindItemsRouter.swift; sourceTree = "<group>"; };
		5B51482627E25A2600EB95FD /* FindItemsPresenter.swift */ = {isa = PBXFileReference; lastKnownFileType = sourcecode.swift; path = FindItemsPresenter.swift; sourceTree = "<group>"; };
		5B51482827E25A3D00EB95FD /* FindItemsManagerWorker.swift */ = {isa = PBXFileReference; lastKnownFileType = sourcecode.swift; path = FindItemsManagerWorker.swift; sourceTree = "<group>"; };
		5B51482B27E25A7C00EB95FD /* FindItemsViewModel.swift */ = {isa = PBXFileReference; lastKnownFileType = sourcecode.swift; path = FindItemsViewModel.swift; sourceTree = "<group>"; };
		5B51482D27E25AAA00EB95FD /* FindItemsInteractor.swift */ = {isa = PBXFileReference; lastKnownFileType = sourcecode.swift; path = FindItemsInteractor.swift; sourceTree = "<group>"; };
		5B51483127E2618400EB95FD /* FindResult.swift */ = {isa = PBXFileReference; lastKnownFileType = sourcecode.swift; path = FindResult.swift; sourceTree = "<group>"; };
		5B51483527E267B500EB95FD /* Data+extension.swift */ = {isa = PBXFileReference; lastKnownFileType = sourcecode.swift; path = "Data+extension.swift"; sourceTree = "<group>"; };
		5B99452527E6603B00004757 /* InfoItemCollectionViewCell.swift */ = {isa = PBXFileReference; lastKnownFileType = sourcecode.swift; path = InfoItemCollectionViewCell.swift; sourceTree = "<group>"; };
		5B99452627E6603B00004757 /* InfoItemCollectionViewCell.xib */ = {isa = PBXFileReference; lastKnownFileType = file.xib; path = InfoItemCollectionViewCell.xib; sourceTree = "<group>"; };
		5B99452B27E67C9B00004757 /* FooterCollectionViewCell.swift */ = {isa = PBXFileReference; lastKnownFileType = sourcecode.swift; path = FooterCollectionViewCell.swift; sourceTree = "<group>"; };
		5B99452C27E67C9B00004757 /* FooterCollectionViewCell.xib */ = {isa = PBXFileReference; lastKnownFileType = file.xib; path = FooterCollectionViewCell.xib; sourceTree = "<group>"; };
		5B99453027E783FE00004757 /* Logger.swift */ = {isa = PBXFileReference; lastKnownFileType = sourcecode.swift; path = Logger.swift; sourceTree = "<group>"; };
		5BBFA5DF27E3A8C00007D10C /* FindItemsViewController.swift */ = {isa = PBXFileReference; lastKnownFileType = sourcecode.swift; path = FindItemsViewController.swift; sourceTree = "<group>"; };
		5BBFA5E027E3A8C00007D10C /* FindItemsViewController.xib */ = {isa = PBXFileReference; lastKnownFileType = file.xib; path = FindItemsViewController.xib; sourceTree = "<group>"; };
		5BBFA5E327E3AAC20007D10C /* FindSection.swift */ = {isa = PBXFileReference; lastKnownFileType = sourcecode.swift; path = FindSection.swift; sourceTree = "<group>"; };
		5BBFA5E527E3AB140007D10C /* FindItem.swift */ = {isa = PBXFileReference; lastKnownFileType = sourcecode.swift; path = FindItem.swift; sourceTree = "<group>"; };
		5BBFA5EF27E3B4E80007D10C /* LoadingCollectionViewCell.swift */ = {isa = PBXFileReference; lastKnownFileType = sourcecode.swift; path = LoadingCollectionViewCell.swift; sourceTree = "<group>"; };
		5BBFA5F027E3B4E80007D10C /* LoadingCollectionViewCell.xib */ = {isa = PBXFileReference; lastKnownFileType = file.xib; path = LoadingCollectionViewCell.xib; sourceTree = "<group>"; };
		5BBFA5F427E3C6080007D10C /* ApplyItemCollectionViewCell.swift */ = {isa = PBXFileReference; lastKnownFileType = sourcecode.swift; path = ApplyItemCollectionViewCell.swift; sourceTree = "<group>"; };
		5BBFA5F527E3C6080007D10C /* ApplyItemCollectionViewCell.xib */ = {isa = PBXFileReference; lastKnownFileType = file.xib; path = ApplyItemCollectionViewCell.xib; sourceTree = "<group>"; };
		5BBFA5F927E3D7D80007D10C /* FindEmptyView.swift */ = {isa = PBXFileReference; lastKnownFileType = sourcecode.swift; path = FindEmptyView.swift; sourceTree = "<group>"; };
		5BBFA5FB27E3D7E80007D10C /* FindEmptyView.xib */ = {isa = PBXFileReference; lastKnownFileType = file.xib; path = FindEmptyView.xib; sourceTree = "<group>"; };
		5BBFA5FD27E3DB800007D10C /* UIView+extension.swift */ = {isa = PBXFileReference; lastKnownFileType = sourcecode.swift; path = "UIView+extension.swift"; sourceTree = "<group>"; };
		5BBFA60527E3E4870007D10C /* ModuleDetailItem.swift */ = {isa = PBXFileReference; lastKnownFileType = sourcecode.swift; path = ModuleDetailItem.swift; sourceTree = "<group>"; };
		5BBFA60727E3E4B10007D10C /* DetailItemRouter.swift */ = {isa = PBXFileReference; lastKnownFileType = sourcecode.swift; path = DetailItemRouter.swift; sourceTree = "<group>"; };
		5BBFA60927E3E4D20007D10C /* DetailtemManagerWorker.swift */ = {isa = PBXFileReference; lastKnownFileType = sourcecode.swift; path = DetailtemManagerWorker.swift; sourceTree = "<group>"; };
		5BBFA60B27E3E4EB0007D10C /* DetailItemInteractor.swift */ = {isa = PBXFileReference; lastKnownFileType = sourcecode.swift; path = DetailItemInteractor.swift; sourceTree = "<group>"; };
		5BBFA60F27E3E52C0007D10C /* DetailItemPresenter.swift */ = {isa = PBXFileReference; lastKnownFileType = sourcecode.swift; path = DetailItemPresenter.swift; sourceTree = "<group>"; };
		5BBFA61227E3E5430007D10C /* DetailItemViewController.swift */ = {isa = PBXFileReference; lastKnownFileType = sourcecode.swift; path = DetailItemViewController.swift; sourceTree = "<group>"; };
		5BBFA61327E3E5430007D10C /* DetailItemViewController.xib */ = {isa = PBXFileReference; lastKnownFileType = file.xib; path = DetailItemViewController.xib; sourceTree = "<group>"; };
		5BBFA62527E509B10007D10C /* ItemDetail.swift */ = {isa = PBXFileReference; lastKnownFileType = sourcecode.swift; path = ItemDetail.swift; sourceTree = "<group>"; };
		5BBFA62A27E516510007D10C /* DetailResult.swift */ = {isa = PBXFileReference; lastKnownFileType = sourcecode.swift; path = DetailResult.swift; sourceTree = "<group>"; };
		5BBFA62C27E5166C0007D10C /* DetailSection.swift */ = {isa = PBXFileReference; lastKnownFileType = sourcecode.swift; path = DetailSection.swift; sourceTree = "<group>"; };
		5BBFA63027E51E350007D10C /* HeaderDetailCollectionViewCell.swift */ = {isa = PBXFileReference; lastKnownFileType = sourcecode.swift; path = HeaderDetailCollectionViewCell.swift; sourceTree = "<group>"; };
		5BBFA63127E51E350007D10C /* HeaderDetailCollectionViewCell.xib */ = {isa = PBXFileReference; lastKnownFileType = file.xib; path = HeaderDetailCollectionViewCell.xib; sourceTree = "<group>"; };
		5BBFA63427E51F750007D10C /* DetailViewModel.swift */ = {isa = PBXFileReference; lastKnownFileType = sourcecode.swift; path = DetailViewModel.swift; sourceTree = "<group>"; };
		5BBFA63627E522EF0007D10C /* DetailPicturesViewModel.swift */ = {isa = PBXFileReference; lastKnownFileType = sourcecode.swift; path = DetailPicturesViewModel.swift; sourceTree = "<group>"; };
		5BBFA63A27E525730007D10C /* PictureCollectionViewCell.swift */ = {isa = PBXFileReference; lastKnownFileType = sourcecode.swift; path = PictureCollectionViewCell.swift; sourceTree = "<group>"; };
		5BBFA63B27E525730007D10C /* PictureCollectionViewCell.xib */ = {isa = PBXFileReference; lastKnownFileType = file.xib; path = PictureCollectionViewCell.xib; sourceTree = "<group>"; };
		66404C45BD6F1A08D7A2D22A /* Pods-MELITest-MELITestUITests.debug.xcconfig */ = {isa = PBXFileReference; includeInIndex = 1; lastKnownFileType = text.xcconfig; name = "Pods-MELITest-MELITestUITests.debug.xcconfig"; path = "Target Support Files/Pods-MELITest-MELITestUITests/Pods-MELITest-MELITestUITests.debug.xcconfig"; sourceTree = "<group>"; };
		679E13694E7BC39DDE6EB6BE /* Pods-MELITest.debug.xcconfig */ = {isa = PBXFileReference; includeInIndex = 1; lastKnownFileType = text.xcconfig; name = "Pods-MELITest.debug.xcconfig"; path = "Target Support Files/Pods-MELITest/Pods-MELITest.debug.xcconfig"; sourceTree = "<group>"; };
		6CA26BDFD01621A35E82D79F /* Pods-MELITestTests.debug.xcconfig */ = {isa = PBXFileReference; includeInIndex = 1; lastKnownFileType = text.xcconfig; name = "Pods-MELITestTests.debug.xcconfig"; path = "Target Support Files/Pods-MELITestTests/Pods-MELITestTests.debug.xcconfig"; sourceTree = "<group>"; };
		79F3D36DE854AEA2781D3810 /* Pods_MELITest_MELITestUITests.framework */ = {isa = PBXFileReference; explicitFileType = wrapper.framework; includeInIndex = 0; path = Pods_MELITest_MELITestUITests.framework; sourceTree = BUILT_PRODUCTS_DIR; };
		894743BD9C551CD53456B221 /* Pods_MELITest.framework */ = {isa = PBXFileReference; explicitFileType = wrapper.framework; includeInIndex = 0; path = Pods_MELITest.framework; sourceTree = BUILT_PRODUCTS_DIR; };
		AD1491C9F4836CED23D873ED /* Pods-MELITestTests.release.xcconfig */ = {isa = PBXFileReference; includeInIndex = 1; lastKnownFileType = text.xcconfig; name = "Pods-MELITestTests.release.xcconfig"; path = "Target Support Files/Pods-MELITestTests/Pods-MELITestTests.release.xcconfig"; sourceTree = "<group>"; };
		C1BD8638A0909E5EB1C918DC /* Pods-MELITest-MELITestUITests.release.xcconfig */ = {isa = PBXFileReference; includeInIndex = 1; lastKnownFileType = text.xcconfig; name = "Pods-MELITest-MELITestUITests.release.xcconfig"; path = "Target Support Files/Pods-MELITest-MELITestUITests/Pods-MELITest-MELITestUITests.release.xcconfig"; sourceTree = "<group>"; };
/* End PBXFileReference section */

/* Begin PBXFrameworksBuildPhase section */
		5B05CD6B27DFBC0000E9047D /* Frameworks */ = {
			isa = PBXFrameworksBuildPhase;
			buildActionMask = 2147483647;
			files = (
				01587D931BCA5A900CD8A96F /* Pods_MELITest.framework in Frameworks */,
			);
			runOnlyForDeploymentPostprocessing = 0;
		};
		5B05CD8127DFBC0300E9047D /* Frameworks */ = {
			isa = PBXFrameworksBuildPhase;
			buildActionMask = 2147483647;
			files = (
				3A2C2574A7394D1887B45B38 /* Pods_MELITestTests.framework in Frameworks */,
			);
			runOnlyForDeploymentPostprocessing = 0;
		};
		5B05CD8B27DFBC0300E9047D /* Frameworks */ = {
			isa = PBXFrameworksBuildPhase;
			buildActionMask = 2147483647;
			files = (
				B206BACCA0510B687AF5AFD3 /* Pods_MELITest_MELITestUITests.framework in Frameworks */,
			);
			runOnlyForDeploymentPostprocessing = 0;
		};
/* End PBXFrameworksBuildPhase section */

/* Begin PBXGroup section */
		5B05CD6527DFBC0000E9047D = {
			isa = PBXGroup;
			children = (
				5B05CD7027DFBC0000E9047D /* MELITest */,
				5B05CD7127DFBC0000E9047D /* AppDelegate.swift */,
				5B05CD7327DFBC0000E9047D /* SceneDelegate.swift */,
				5B05CD8727DFBC0300E9047D /* MELITestTests */,
				5B05CD9127DFBC0300E9047D /* MELITestUITests */,
				5B05CD6F27DFBC0000E9047D /* Products */,
				D5EBC2CEAA0F191DF68F014D /* Pods */,
				74253DF11FBFD5DBCECF30CD /* Frameworks */,
			);
			sourceTree = "<group>";
		};
		5B05CD6F27DFBC0000E9047D /* Products */ = {
			isa = PBXGroup;
			children = (
				5B05CD6E27DFBC0000E9047D /* MELITest.app */,
				5B05CD8427DFBC0300E9047D /* MELITestTests.xctest */,
				5B05CD8E27DFBC0300E9047D /* MELITestUITests.xctest */,
			);
			name = Products;
			sourceTree = "<group>";
		};
		5B05CD7027DFBC0000E9047D /* MELITest */ = {
			isa = PBXGroup;
			children = (
				5B05CD7F27DFBC0200E9047D /* Info.plist */,
				5B05CDA227DFBC4200E9047D /* App */,
			);
			path = MELITest;
			sourceTree = "<group>";
		};
		5B05CD8727DFBC0300E9047D /* MELITestTests */ = {
			isa = PBXGroup;
			children = (
				5B99453227E78A3000004757 /* App */,
				5B05CD8827DFBC0300E9047D /* MELITestTests.swift */,
			);
			path = MELITestTests;
			sourceTree = "<group>";
		};
		5B05CD9127DFBC0300E9047D /* MELITestUITests */ = {
			isa = PBXGroup;
			children = (
				5B05CD9227DFBC0300E9047D /* MELITestUITests.swift */,
				5B05CD9427DFBC0300E9047D /* MELITestUITestsLaunchTests.swift */,
			);
			path = MELITestUITests;
			sourceTree = "<group>";
		};
		5B05CDA227DFBC4200E9047D /* App */ = {
			isa = PBXGroup;
			children = (
				5B99452F27E782B600004757 /* Utils */,
				5BBFA61627E3ED930007D10C /* Resources */,
				5B51483427E2679700EB95FD /* Extensions */,
				5B05CDB427DFCD3100E9047D /* Network */,
				5B05CDA627DFBCBD00E9047D /* Modules */,
				5B05CDA327DFBC6100E9047D /* Constants */,
			);
			path = App;
			sourceTree = "<group>";
		};
		5B05CDA327DFBC6100E9047D /* Constants */ = {
			isa = PBXGroup;
			children = (
				5B05CDA427DFBC8900E9047D /* ApiService.swift */,
			);
			path = Constants;
			sourceTree = "<group>";
		};
		5B05CDA627DFBCBD00E9047D /* Modules */ = {
			isa = PBXGroup;
			children = (
				5BBFA62727E515620007D10C /* Shared */,
				5BBFA5FF27E3E3FC0007D10C /* DetailItemModule */,
				5B05CDBB27DFD26B00E9047D /* FindItemsModule */,
			);
			path = Modules;
			sourceTree = "<group>";
		};
		5B05CDB427DFCD3100E9047D /* Network */ = {
			isa = PBXGroup;
			children = (
				5B05CDB527DFCD5500E9047D /* NetworkManager.swift */,
				5B05CDB727DFCD8000E9047D /* NetworkError.swift */,
				5B05CDB927DFD04200E9047D /* NetworkMethod.swift */,
			);
			path = Network;
			sourceTree = "<group>";
		};
		5B05CDBB27DFD26B00E9047D /* FindItemsModule */ = {
			isa = PBXGroup;
			children = (
				5B05CDBC27DFD29000E9047D /* ModuleFindItems.swift */,
				5B05CDC127E1258B00E9047D /* Routing */,
				5B05CDC427E125FD00E9047D /* Worker */,
				5B05CDC527E1260A00E9047D /* Interactor */,
				5B05CDC327E125EE00E9047D /* Presentation */,
				5B05CDC627E1274000E9047D /* Scene */,
				5B05CDC227E1259D00E9047D /* Model */,
			);
			path = FindItemsModule;
			sourceTree = "<group>";
		};
		5B05CDC127E1258B00E9047D /* Routing */ = {
			isa = PBXGroup;
			children = (
				5B51482027E2502100EB95FD /* FindItemsRouter.swift */,
			);
			path = Routing;
			sourceTree = "<group>";
		};
		5B05CDC227E1259D00E9047D /* Model */ = {
			isa = PBXGroup;
			children = (
				5B51483127E2618400EB95FD /* FindResult.swift */,
				5BBFA5E327E3AAC20007D10C /* FindSection.swift */,
				5BBFA5E527E3AB140007D10C /* FindItem.swift */,
			);
			path = Model;
			sourceTree = "<group>";
		};
		5B05CDC327E125EE00E9047D /* Presentation */ = {
			isa = PBXGroup;
			children = (
				5B51482627E25A2600EB95FD /* FindItemsPresenter.swift */,
			);
			path = Presentation;
			sourceTree = "<group>";
		};
		5B05CDC427E125FD00E9047D /* Worker */ = {
			isa = PBXGroup;
			children = (
				5B51482827E25A3D00EB95FD /* FindItemsManagerWorker.swift */,
			);
			path = Worker;
			sourceTree = "<group>";
		};
		5B05CDC527E1260A00E9047D /* Interactor */ = {
			isa = PBXGroup;
			children = (
				5B51482D27E25AAA00EB95FD /* FindItemsInteractor.swift */,
			);
			path = Interactor;
			sourceTree = "<group>";
		};
		5B05CDC627E1274000E9047D /* Scene */ = {
			isa = PBXGroup;
			children = (
				5BBFA5E727E3B3AF0007D10C /* Cells */,
				5BBFA5F827E3D79F0007D10C /* EmpyView */,
				5BBFA5DF27E3A8C00007D10C /* FindItemsViewController.swift */,
				5BBFA5E027E3A8C00007D10C /* FindItemsViewController.xib */,
				5B51482B27E25A7C00EB95FD /* FindItemsViewModel.swift */,
			);
			path = Scene;
			sourceTree = "<group>";
		};
		5B51483427E2679700EB95FD /* Extensions */ = {
			isa = PBXGroup;
			children = (
				5B51483527E267B500EB95FD /* Data+extension.swift */,
				5BBFA5FD27E3DB800007D10C /* UIView+extension.swift */,
			);
			path = Extensions;
			sourceTree = "<group>";
		};
		5B99452927E6616100004757 /* Info */ = {
			isa = PBXGroup;
			children = (
				5B99452527E6603B00004757 /* InfoItemCollectionViewCell.swift */,
				5B99452627E6603B00004757 /* InfoItemCollectionViewCell.xib */,
			);
			path = Info;
			sourceTree = "<group>";
		};
		5B99452A27E67A6700004757 /* Footer */ = {
			isa = PBXGroup;
			children = (
				5B99452B27E67C9B00004757 /* FooterCollectionViewCell.swift */,
				5B99452C27E67C9B00004757 /* FooterCollectionViewCell.xib */,
			);
			path = Footer;
			sourceTree = "<group>";
		};
		5B99452F27E782B600004757 /* Utils */ = {
			isa = PBXGroup;
			children = (
				5B99453027E783FE00004757 /* Logger.swift */,
			);
			path = Utils;
			sourceTree = "<group>";
		};
		5B99453227E78A3000004757 /* App */ = {
			isa = PBXGroup;
			children = (
			);
			path = App;
			sourceTree = "<group>";
		};
		5BBFA5E727E3B3AF0007D10C /* Cells */ = {
			isa = PBXGroup;
			children = (
				5BBFA5F327E3C5F10007D10C /* ApplyItem */,
			);
			path = Cells;
			sourceTree = "<group>";
		};
		5BBFA5EC27E3B4AF0007D10C /* Loading */ = {
			isa = PBXGroup;
			children = (
				5BBFA5EF27E3B4E80007D10C /* LoadingCollectionViewCell.swift */,
				5BBFA5F027E3B4E80007D10C /* LoadingCollectionViewCell.xib */,
			);
			path = Loading;
			sourceTree = "<group>";
		};
		5BBFA5F327E3C5F10007D10C /* ApplyItem */ = {
			isa = PBXGroup;
			children = (
				5BBFA5F427E3C6080007D10C /* ApplyItemCollectionViewCell.swift */,
				5BBFA5F527E3C6080007D10C /* ApplyItemCollectionViewCell.xib */,
			);
			path = ApplyItem;
			sourceTree = "<group>";
		};
		5BBFA5F827E3D79F0007D10C /* EmpyView */ = {
			isa = PBXGroup;
			children = (
				5BBFA5F927E3D7D80007D10C /* FindEmptyView.swift */,
				5BBFA5FB27E3D7E80007D10C /* FindEmptyView.xib */,
			);
			path = EmpyView;
			sourceTree = "<group>";
		};
		5BBFA5FF27E3E3FC0007D10C /* DetailItemModule */ = {
			isa = PBXGroup;
			children = (
				5BBFA60527E3E4870007D10C /* ModuleDetailItem.swift */,
				5BBFA60027E3E4150007D10C /* Routing */,
				5BBFA60127E3E41B0007D10C /* Worker */,
				5BBFA60227E3E4240007D10C /* Interactor */,
				5BBFA60327E3E42B0007D10C /* Presentation */,
				5BBFA60E27E3E5090007D10C /* Scene */,
				5BBFA60427E3E4330007D10C /* Model */,
			);
			path = DetailItemModule;
			sourceTree = "<group>";
		};
		5BBFA60027E3E4150007D10C /* Routing */ = {
			isa = PBXGroup;
			children = (
				5BBFA60727E3E4B10007D10C /* DetailItemRouter.swift */,
			);
			path = Routing;
			sourceTree = "<group>";
		};
		5BBFA60127E3E41B0007D10C /* Worker */ = {
			isa = PBXGroup;
			children = (
				5BBFA60927E3E4D20007D10C /* DetailtemManagerWorker.swift */,
			);
			path = Worker;
			sourceTree = "<group>";
		};
		5BBFA60227E3E4240007D10C /* Interactor */ = {
			isa = PBXGroup;
			children = (
				5BBFA60B27E3E4EB0007D10C /* DetailItemInteractor.swift */,
			);
			path = Interactor;
			sourceTree = "<group>";
		};
		5BBFA60327E3E42B0007D10C /* Presentation */ = {
			isa = PBXGroup;
			children = (
				5BBFA60F27E3E52C0007D10C /* DetailItemPresenter.swift */,
			);
			path = Presentation;
			sourceTree = "<group>";
		};
		5BBFA60427E3E4330007D10C /* Model */ = {
			isa = PBXGroup;
			children = (
				5BBFA62527E509B10007D10C /* ItemDetail.swift */,
				5BBFA62A27E516510007D10C /* DetailResult.swift */,
				5BBFA62C27E5166C0007D10C /* DetailSection.swift */,
			);
			path = Model;
			sourceTree = "<group>";
		};
		5BBFA60D27E3E4FF0007D10C /* Cells */ = {
			isa = PBXGroup;
			children = (
				5B99452A27E67A6700004757 /* Footer */,
				5B99452927E6616100004757 /* Info */,
				5BBFA63927E5255B0007D10C /* Picture */,
				5BBFA63827E525520007D10C /* Header */,
			);
			path = Cells;
			sourceTree = "<group>";
		};
		5BBFA60E27E3E5090007D10C /* Scene */ = {
			isa = PBXGroup;
			children = (
				5BBFA60D27E3E4FF0007D10C /* Cells */,
				5BBFA61227E3E5430007D10C /* DetailItemViewController.swift */,
				5BBFA61327E3E5430007D10C /* DetailItemViewController.xib */,
				5BBFA63627E522EF0007D10C /* DetailPicturesViewModel.swift */,
				5BBFA63427E51F750007D10C /* DetailViewModel.swift */,
			);
			path = Scene;
			sourceTree = "<group>";
		};
		5BBFA61627E3ED930007D10C /* Resources */ = {
			isa = PBXGroup;
			children = (
				5B05CD7A27DFBC0200E9047D /* Assets.xcassets */,
				5B05CD7C27DFBC0200E9047D /* LaunchScreen.storyboard */,
			);
			path = Resources;
			sourceTree = "<group>";
		};
		5BBFA62727E515620007D10C /* Shared */ = {
			isa = PBXGroup;
			children = (
				5BBFA62827E515730007D10C /* Cells */,
			);
			path = Shared;
			sourceTree = "<group>";
		};
		5BBFA62827E515730007D10C /* Cells */ = {
			isa = PBXGroup;
			children = (
				5BBFA5EC27E3B4AF0007D10C /* Loading */,
			);
			path = Cells;
			sourceTree = "<group>";
		};
		5BBFA63827E525520007D10C /* Header */ = {
			isa = PBXGroup;
			children = (
				5BBFA63027E51E350007D10C /* HeaderDetailCollectionViewCell.swift */,
				5BBFA63127E51E350007D10C /* HeaderDetailCollectionViewCell.xib */,
			);
			path = Header;
			sourceTree = "<group>";
		};
		5BBFA63927E5255B0007D10C /* Picture */ = {
			isa = PBXGroup;
			children = (
				5BBFA63A27E525730007D10C /* PictureCollectionViewCell.swift */,
				5BBFA63B27E525730007D10C /* PictureCollectionViewCell.xib */,
			);
			path = Picture;
			sourceTree = "<group>";
		};
		74253DF11FBFD5DBCECF30CD /* Frameworks */ = {
			isa = PBXGroup;
			children = (
				894743BD9C551CD53456B221 /* Pods_MELITest.framework */,
				79F3D36DE854AEA2781D3810 /* Pods_MELITest_MELITestUITests.framework */,
				59A6C6918F889F6FE9A60BED /* Pods_MELITestTests.framework */,
			);
			name = Frameworks;
			sourceTree = "<group>";
		};
		D5EBC2CEAA0F191DF68F014D /* Pods */ = {
			isa = PBXGroup;
			children = (
				679E13694E7BC39DDE6EB6BE /* Pods-MELITest.debug.xcconfig */,
				47F205A0A96D53D567D1D89E /* Pods-MELITest.release.xcconfig */,
				66404C45BD6F1A08D7A2D22A /* Pods-MELITest-MELITestUITests.debug.xcconfig */,
				C1BD8638A0909E5EB1C918DC /* Pods-MELITest-MELITestUITests.release.xcconfig */,
				6CA26BDFD01621A35E82D79F /* Pods-MELITestTests.debug.xcconfig */,
				AD1491C9F4836CED23D873ED /* Pods-MELITestTests.release.xcconfig */,
			);
			path = Pods;
			sourceTree = "<group>";
		};
/* End PBXGroup section */

/* Begin PBXNativeTarget section */
		5B05CD6D27DFBC0000E9047D /* MELITest */ = {
			isa = PBXNativeTarget;
			buildConfigurationList = 5B05CD9827DFBC0300E9047D /* Build configuration list for PBXNativeTarget "MELITest" */;
			buildPhases = (
				45E3C26CEFAE94EAC683081C /* [CP] Check Pods Manifest.lock */,
				5B05CD6A27DFBC0000E9047D /* Sources */,
				5B05CD6B27DFBC0000E9047D /* Frameworks */,
				5B05CD6C27DFBC0000E9047D /* Resources */,
				B4CC428E92C9AFBF7D7C3C6B /* [CP] Embed Pods Frameworks */,
			);
			buildRules = (
			);
			dependencies = (
			);
			name = MELITest;
			productName = MELITest;
			productReference = 5B05CD6E27DFBC0000E9047D /* MELITest.app */;
			productType = "com.apple.product-type.application";
		};
		5B05CD8327DFBC0300E9047D /* MELITestTests */ = {
			isa = PBXNativeTarget;
			buildConfigurationList = 5B05CD9B27DFBC0300E9047D /* Build configuration list for PBXNativeTarget "MELITestTests" */;
			buildPhases = (
				2D39CCDA6D461430E238BE27 /* [CP] Check Pods Manifest.lock */,
				5B05CD8027DFBC0300E9047D /* Sources */,
				5B05CD8127DFBC0300E9047D /* Frameworks */,
				5B05CD8227DFBC0300E9047D /* Resources */,
			);
			buildRules = (
			);
			dependencies = (
				5B05CD8627DFBC0300E9047D /* PBXTargetDependency */,
			);
			name = MELITestTests;
			productName = MELITestTests;
			productReference = 5B05CD8427DFBC0300E9047D /* MELITestTests.xctest */;
			productType = "com.apple.product-type.bundle.unit-test";
		};
		5B05CD8D27DFBC0300E9047D /* MELITestUITests */ = {
			isa = PBXNativeTarget;
			buildConfigurationList = 5B05CD9E27DFBC0300E9047D /* Build configuration list for PBXNativeTarget "MELITestUITests" */;
			buildPhases = (
				A3BD992AEA894BE22533690D /* [CP] Check Pods Manifest.lock */,
				5B05CD8A27DFBC0300E9047D /* Sources */,
				5B05CD8B27DFBC0300E9047D /* Frameworks */,
				5B05CD8C27DFBC0300E9047D /* Resources */,
				BE2C3785490FA10333094233 /* [CP] Embed Pods Frameworks */,
			);
			buildRules = (
			);
			dependencies = (
				5B05CD9027DFBC0300E9047D /* PBXTargetDependency */,
			);
			name = MELITestUITests;
			productName = MELITestUITests;
			productReference = 5B05CD8E27DFBC0300E9047D /* MELITestUITests.xctest */;
			productType = "com.apple.product-type.bundle.ui-testing";
		};
/* End PBXNativeTarget section */

/* Begin PBXProject section */
		5B05CD6627DFBC0000E9047D /* Project object */ = {
			isa = PBXProject;
			attributes = {
				BuildIndependentTargetsInParallel = 1;
				LastSwiftUpdateCheck = 1320;
				LastUpgradeCheck = 1320;
				TargetAttributes = {
					5B05CD6D27DFBC0000E9047D = {
						CreatedOnToolsVersion = 13.2.1;
					};
					5B05CD8327DFBC0300E9047D = {
						CreatedOnToolsVersion = 13.2.1;
						TestTargetID = 5B05CD6D27DFBC0000E9047D;
					};
					5B05CD8D27DFBC0300E9047D = {
						CreatedOnToolsVersion = 13.2.1;
						TestTargetID = 5B05CD6D27DFBC0000E9047D;
					};
				};
			};
			buildConfigurationList = 5B05CD6927DFBC0000E9047D /* Build configuration list for PBXProject "MELITest" */;
			compatibilityVersion = "Xcode 13.0";
			developmentRegion = en;
			hasScannedForEncodings = 0;
			knownRegions = (
				en,
				Base,
			);
			mainGroup = 5B05CD6527DFBC0000E9047D;
			productRefGroup = 5B05CD6F27DFBC0000E9047D /* Products */;
			projectDirPath = "";
			projectRoot = "";
			targets = (
				5B05CD6D27DFBC0000E9047D /* MELITest */,
				5B05CD8327DFBC0300E9047D /* MELITestTests */,
				5B05CD8D27DFBC0300E9047D /* MELITestUITests */,
			);
		};
/* End PBXProject section */

/* Begin PBXResourcesBuildPhase section */
		5B05CD6C27DFBC0000E9047D /* Resources */ = {
			isa = PBXResourcesBuildPhase;
			buildActionMask = 2147483647;
			files = (
				5B05CD7E27DFBC0200E9047D /* LaunchScreen.storyboard in Resources */,
				5BBFA5F727E3C6080007D10C /* ApplyItemCollectionViewCell.xib in Resources */,
				5BBFA63D27E525730007D10C /* PictureCollectionViewCell.xib in Resources */,
				5B99452827E6603B00004757 /* InfoItemCollectionViewCell.xib in Resources */,
				5BBFA61527E3E5430007D10C /* DetailItemViewController.xib in Resources */,
				5BBFA5E227E3A8C00007D10C /* FindItemsViewController.xib in Resources */,
				5BBFA5F227E3B4E80007D10C /* LoadingCollectionViewCell.xib in Resources */,
				5B99452E27E67C9B00004757 /* FooterCollectionViewCell.xib in Resources */,
				5B05CD7B27DFBC0200E9047D /* Assets.xcassets in Resources */,
				5BBFA63327E51E360007D10C /* HeaderDetailCollectionViewCell.xib in Resources */,
				5BBFA5FC27E3D7E80007D10C /* FindEmptyView.xib in Resources */,
			);
			runOnlyForDeploymentPostprocessing = 0;
		};
		5B05CD8227DFBC0300E9047D /* Resources */ = {
			isa = PBXResourcesBuildPhase;
			buildActionMask = 2147483647;
			files = (
			);
			runOnlyForDeploymentPostprocessing = 0;
		};
		5B05CD8C27DFBC0300E9047D /* Resources */ = {
			isa = PBXResourcesBuildPhase;
			buildActionMask = 2147483647;
			files = (
			);
			runOnlyForDeploymentPostprocessing = 0;
		};
/* End PBXResourcesBuildPhase section */

/* Begin PBXShellScriptBuildPhase section */
		2D39CCDA6D461430E238BE27 /* [CP] Check Pods Manifest.lock */ = {
			isa = PBXShellScriptBuildPhase;
			buildActionMask = 2147483647;
			files = (
			);
			inputFileListPaths = (
			);
			inputPaths = (
				"${PODS_PODFILE_DIR_PATH}/Podfile.lock",
				"${PODS_ROOT}/Manifest.lock",
			);
			name = "[CP] Check Pods Manifest.lock";
			outputFileListPaths = (
			);
			outputPaths = (
				"$(DERIVED_FILE_DIR)/Pods-MELITestTests-checkManifestLockResult.txt",
			);
			runOnlyForDeploymentPostprocessing = 0;
			shellPath = /bin/sh;
			shellScript = "diff \"${PODS_PODFILE_DIR_PATH}/Podfile.lock\" \"${PODS_ROOT}/Manifest.lock\" > /dev/null\nif [ $? != 0 ] ; then\n    # print error to STDERR\n    echo \"error: The sandbox is not in sync with the Podfile.lock. Run 'pod install' or update your CocoaPods installation.\" >&2\n    exit 1\nfi\n# This output is used by Xcode 'outputs' to avoid re-running this script phase.\necho \"SUCCESS\" > \"${SCRIPT_OUTPUT_FILE_0}\"\n";
			showEnvVarsInLog = 0;
		};
		45E3C26CEFAE94EAC683081C /* [CP] Check Pods Manifest.lock */ = {
			isa = PBXShellScriptBuildPhase;
			buildActionMask = 2147483647;
			files = (
			);
			inputFileListPaths = (
			);
			inputPaths = (
				"${PODS_PODFILE_DIR_PATH}/Podfile.lock",
				"${PODS_ROOT}/Manifest.lock",
			);
			name = "[CP] Check Pods Manifest.lock";
			outputFileListPaths = (
			);
			outputPaths = (
				"$(DERIVED_FILE_DIR)/Pods-MELITest-checkManifestLockResult.txt",
			);
			runOnlyForDeploymentPostprocessing = 0;
			shellPath = /bin/sh;
			shellScript = "diff \"${PODS_PODFILE_DIR_PATH}/Podfile.lock\" \"${PODS_ROOT}/Manifest.lock\" > /dev/null\nif [ $? != 0 ] ; then\n    # print error to STDERR\n    echo \"error: The sandbox is not in sync with the Podfile.lock. Run 'pod install' or update your CocoaPods installation.\" >&2\n    exit 1\nfi\n# This output is used by Xcode 'outputs' to avoid re-running this script phase.\necho \"SUCCESS\" > \"${SCRIPT_OUTPUT_FILE_0}\"\n";
			showEnvVarsInLog = 0;
		};
		A3BD992AEA894BE22533690D /* [CP] Check Pods Manifest.lock */ = {
			isa = PBXShellScriptBuildPhase;
			buildActionMask = 2147483647;
			files = (
			);
			inputFileListPaths = (
			);
			inputPaths = (
				"${PODS_PODFILE_DIR_PATH}/Podfile.lock",
				"${PODS_ROOT}/Manifest.lock",
			);
			name = "[CP] Check Pods Manifest.lock";
			outputFileListPaths = (
			);
			outputPaths = (
				"$(DERIVED_FILE_DIR)/Pods-MELITest-MELITestUITests-checkManifestLockResult.txt",
			);
			runOnlyForDeploymentPostprocessing = 0;
			shellPath = /bin/sh;
			shellScript = "diff \"${PODS_PODFILE_DIR_PATH}/Podfile.lock\" \"${PODS_ROOT}/Manifest.lock\" > /dev/null\nif [ $? != 0 ] ; then\n    # print error to STDERR\n    echo \"error: The sandbox is not in sync with the Podfile.lock. Run 'pod install' or update your CocoaPods installation.\" >&2\n    exit 1\nfi\n# This output is used by Xcode 'outputs' to avoid re-running this script phase.\necho \"SUCCESS\" > \"${SCRIPT_OUTPUT_FILE_0}\"\n";
			showEnvVarsInLog = 0;
		};
		B4CC428E92C9AFBF7D7C3C6B /* [CP] Embed Pods Frameworks */ = {
			isa = PBXShellScriptBuildPhase;
			buildActionMask = 2147483647;
			files = (
			);
			inputFileListPaths = (
				"${PODS_ROOT}/Target Support Files/Pods-MELITest/Pods-MELITest-frameworks-${CONFIGURATION}-input-files.xcfilelist",
			);
			name = "[CP] Embed Pods Frameworks";
			outputFileListPaths = (
				"${PODS_ROOT}/Target Support Files/Pods-MELITest/Pods-MELITest-frameworks-${CONFIGURATION}-output-files.xcfilelist",
			);
			runOnlyForDeploymentPostprocessing = 0;
			shellPath = /bin/sh;
			shellScript = "\"${PODS_ROOT}/Target Support Files/Pods-MELITest/Pods-MELITest-frameworks.sh\"\n";
			showEnvVarsInLog = 0;
		};
		BE2C3785490FA10333094233 /* [CP] Embed Pods Frameworks */ = {
			isa = PBXShellScriptBuildPhase;
			buildActionMask = 2147483647;
			files = (
			);
			inputFileListPaths = (
				"${PODS_ROOT}/Target Support Files/Pods-MELITest-MELITestUITests/Pods-MELITest-MELITestUITests-frameworks-${CONFIGURATION}-input-files.xcfilelist",
			);
			name = "[CP] Embed Pods Frameworks";
			outputFileListPaths = (
				"${PODS_ROOT}/Target Support Files/Pods-MELITest-MELITestUITests/Pods-MELITest-MELITestUITests-frameworks-${CONFIGURATION}-output-files.xcfilelist",
			);
			runOnlyForDeploymentPostprocessing = 0;
			shellPath = /bin/sh;
			shellScript = "\"${PODS_ROOT}/Target Support Files/Pods-MELITest-MELITestUITests/Pods-MELITest-MELITestUITests-frameworks.sh\"\n";
			showEnvVarsInLog = 0;
		};
/* End PBXShellScriptBuildPhase section */

/* Begin PBXSourcesBuildPhase section */
		5B05CD6A27DFBC0000E9047D /* Sources */ = {
			isa = PBXSourcesBuildPhase;
			buildActionMask = 2147483647;
			files = (
				5B51482C27E25A7C00EB95FD /* FindItemsViewModel.swift in Sources */,
				5BBFA60A27E3E4D20007D10C /* DetailtemManagerWorker.swift in Sources */,
				5B51482127E2502100EB95FD /* FindItemsRouter.swift in Sources */,
				5BBFA5F627E3C6080007D10C /* ApplyItemCollectionViewCell.swift in Sources */,
				5B99452727E6603B00004757 /* InfoItemCollectionViewCell.swift in Sources */,
				5BBFA60627E3E4870007D10C /* ModuleDetailItem.swift in Sources */,
				5BBFA61427E3E5430007D10C /* DetailItemViewController.swift in Sources */,
				5B05CD7227DFBC0000E9047D /* AppDelegate.swift in Sources */,
				5BBFA61027E3E52C0007D10C /* DetailItemPresenter.swift in Sources */,
				5B05CDB627DFCD5500E9047D /* NetworkManager.swift in Sources */,
				5B05CD7427DFBC0000E9047D /* SceneDelegate.swift in Sources */,
				5BBFA62B27E516510007D10C /* DetailResult.swift in Sources */,
				5BBFA5FE27E3DB800007D10C /* UIView+extension.swift in Sources */,
				5BBFA5E627E3AB140007D10C /* FindItem.swift in Sources */,
				5BBFA5FA27E3D7D80007D10C /* FindEmptyView.swift in Sources */,
				5BBFA60C27E3E4EB0007D10C /* DetailItemInteractor.swift in Sources */,
				5BBFA63527E51F750007D10C /* DetailViewModel.swift in Sources */,
				5BBFA63227E51E350007D10C /* HeaderDetailCollectionViewCell.swift in Sources */,
				5B05CDA527DFBC8900E9047D /* ApiService.swift in Sources */,
				5B51482927E25A3D00EB95FD /* FindItemsManagerWorker.swift in Sources */,
				5BBFA63C27E525730007D10C /* PictureCollectionViewCell.swift in Sources */,
				5BBFA60827E3E4B10007D10C /* DetailItemRouter.swift in Sources */,
				5BBFA5E427E3AAC20007D10C /* FindSection.swift in Sources */,
				5B51483227E2618400EB95FD /* FindResult.swift in Sources */,
				5B05CDBA27DFD04200E9047D /* NetworkMethod.swift in Sources */,
				5BBFA63727E522EF0007D10C /* DetailPicturesViewModel.swift in Sources */,
				5B99453127E783FE00004757 /* Logger.swift in Sources */,
				5B05CDB827DFCD8000E9047D /* NetworkError.swift in Sources */,
				5BBFA62627E509B10007D10C /* ItemDetail.swift in Sources */,
				5B51482727E25A2600EB95FD /* FindItemsPresenter.swift in Sources */,
				5B05CDBD27DFD29000E9047D /* ModuleFindItems.swift in Sources */,
				5B51482E27E25AAA00EB95FD /* FindItemsInteractor.swift in Sources */,
				5BBFA62D27E5166C0007D10C /* DetailSection.swift in Sources */,
				5BBFA5E127E3A8C00007D10C /* FindItemsViewController.swift in Sources */,
				5B51483627E267B500EB95FD /* Data+extension.swift in Sources */,
				5BBFA5F127E3B4E80007D10C /* LoadingCollectionViewCell.swift in Sources */,
				5B99452D27E67C9B00004757 /* FooterCollectionViewCell.swift in Sources */,
			);
			runOnlyForDeploymentPostprocessing = 0;
		};
		5B05CD8027DFBC0300E9047D /* Sources */ = {
			isa = PBXSourcesBuildPhase;
			buildActionMask = 2147483647;
			files = (
				5B05CD8927DFBC0300E9047D /* MELITestTests.swift in Sources */,
			);
			runOnlyForDeploymentPostprocessing = 0;
		};
		5B05CD8A27DFBC0300E9047D /* Sources */ = {
			isa = PBXSourcesBuildPhase;
			buildActionMask = 2147483647;
			files = (
				5B05CD9527DFBC0300E9047D /* MELITestUITestsLaunchTests.swift in Sources */,
				5B05CD9327DFBC0300E9047D /* MELITestUITests.swift in Sources */,
			);
			runOnlyForDeploymentPostprocessing = 0;
		};
/* End PBXSourcesBuildPhase section */

/* Begin PBXTargetDependency section */
		5B05CD8627DFBC0300E9047D /* PBXTargetDependency */ = {
			isa = PBXTargetDependency;
			target = 5B05CD6D27DFBC0000E9047D /* MELITest */;
			targetProxy = 5B05CD8527DFBC0300E9047D /* PBXContainerItemProxy */;
		};
		5B05CD9027DFBC0300E9047D /* PBXTargetDependency */ = {
			isa = PBXTargetDependency;
			target = 5B05CD6D27DFBC0000E9047D /* MELITest */;
			targetProxy = 5B05CD8F27DFBC0300E9047D /* PBXContainerItemProxy */;
		};
/* End PBXTargetDependency section */

/* Begin PBXVariantGroup section */
		5B05CD7C27DFBC0200E9047D /* LaunchScreen.storyboard */ = {
			isa = PBXVariantGroup;
			children = (
				5B05CD7D27DFBC0200E9047D /* Base */,
			);
			name = LaunchScreen.storyboard;
			sourceTree = "<group>";
		};
/* End PBXVariantGroup section */

/* Begin XCBuildConfiguration section */
		5B05CD9627DFBC0300E9047D /* Debug */ = {
			isa = XCBuildConfiguration;
			buildSettings = {
				ALWAYS_SEARCH_USER_PATHS = NO;
				CLANG_ANALYZER_NONNULL = YES;
				CLANG_ANALYZER_NUMBER_OBJECT_CONVERSION = YES_AGGRESSIVE;
				CLANG_CXX_LANGUAGE_STANDARD = "gnu++17";
				CLANG_CXX_LIBRARY = "libc++";
				CLANG_ENABLE_MODULES = YES;
				CLANG_ENABLE_OBJC_ARC = YES;
				CLANG_ENABLE_OBJC_WEAK = YES;
				CLANG_WARN_BLOCK_CAPTURE_AUTORELEASING = YES;
				CLANG_WARN_BOOL_CONVERSION = YES;
				CLANG_WARN_COMMA = YES;
				CLANG_WARN_CONSTANT_CONVERSION = YES;
				CLANG_WARN_DEPRECATED_OBJC_IMPLEMENTATIONS = YES;
				CLANG_WARN_DIRECT_OBJC_ISA_USAGE = YES_ERROR;
				CLANG_WARN_DOCUMENTATION_COMMENTS = YES;
				CLANG_WARN_EMPTY_BODY = YES;
				CLANG_WARN_ENUM_CONVERSION = YES;
				CLANG_WARN_INFINITE_RECURSION = YES;
				CLANG_WARN_INT_CONVERSION = YES;
				CLANG_WARN_NON_LITERAL_NULL_CONVERSION = YES;
				CLANG_WARN_OBJC_IMPLICIT_RETAIN_SELF = YES;
				CLANG_WARN_OBJC_LITERAL_CONVERSION = YES;
				CLANG_WARN_OBJC_ROOT_CLASS = YES_ERROR;
				CLANG_WARN_QUOTED_INCLUDE_IN_FRAMEWORK_HEADER = YES;
				CLANG_WARN_RANGE_LOOP_ANALYSIS = YES;
				CLANG_WARN_STRICT_PROTOTYPES = YES;
				CLANG_WARN_SUSPICIOUS_MOVE = YES;
				CLANG_WARN_UNGUARDED_AVAILABILITY = YES_AGGRESSIVE;
				CLANG_WARN_UNREACHABLE_CODE = YES;
				CLANG_WARN__DUPLICATE_METHOD_MATCH = YES;
				COPY_PHASE_STRIP = NO;
				DEBUG_INFORMATION_FORMAT = dwarf;
				ENABLE_STRICT_OBJC_MSGSEND = YES;
				ENABLE_TESTABILITY = YES;
				GCC_C_LANGUAGE_STANDARD = gnu11;
				GCC_DYNAMIC_NO_PIC = NO;
				GCC_NO_COMMON_BLOCKS = YES;
				GCC_OPTIMIZATION_LEVEL = 0;
				GCC_PREPROCESSOR_DEFINITIONS = (
					"DEBUG=1",
					"$(inherited)",
				);
				GCC_WARN_64_TO_32_BIT_CONVERSION = YES;
				GCC_WARN_ABOUT_RETURN_TYPE = YES_ERROR;
				GCC_WARN_UNDECLARED_SELECTOR = YES;
				GCC_WARN_UNINITIALIZED_AUTOS = YES_AGGRESSIVE;
				GCC_WARN_UNUSED_FUNCTION = YES;
				GCC_WARN_UNUSED_VARIABLE = YES;
				IPHONEOS_DEPLOYMENT_TARGET = 15.2;
				MTL_ENABLE_DEBUG_INFO = INCLUDE_SOURCE;
				MTL_FAST_MATH = YES;
				ONLY_ACTIVE_ARCH = YES;
				SDKROOT = iphoneos;
				SWIFT_ACTIVE_COMPILATION_CONDITIONS = DEBUG;
				SWIFT_OPTIMIZATION_LEVEL = "-Onone";
			};
			name = Debug;
		};
		5B05CD9727DFBC0300E9047D /* Release */ = {
			isa = XCBuildConfiguration;
			buildSettings = {
				ALWAYS_SEARCH_USER_PATHS = NO;
				CLANG_ANALYZER_NONNULL = YES;
				CLANG_ANALYZER_NUMBER_OBJECT_CONVERSION = YES_AGGRESSIVE;
				CLANG_CXX_LANGUAGE_STANDARD = "gnu++17";
				CLANG_CXX_LIBRARY = "libc++";
				CLANG_ENABLE_MODULES = YES;
				CLANG_ENABLE_OBJC_ARC = YES;
				CLANG_ENABLE_OBJC_WEAK = YES;
				CLANG_WARN_BLOCK_CAPTURE_AUTORELEASING = YES;
				CLANG_WARN_BOOL_CONVERSION = YES;
				CLANG_WARN_COMMA = YES;
				CLANG_WARN_CONSTANT_CONVERSION = YES;
				CLANG_WARN_DEPRECATED_OBJC_IMPLEMENTATIONS = YES;
				CLANG_WARN_DIRECT_OBJC_ISA_USAGE = YES_ERROR;
				CLANG_WARN_DOCUMENTATION_COMMENTS = YES;
				CLANG_WARN_EMPTY_BODY = YES;
				CLANG_WARN_ENUM_CONVERSION = YES;
				CLANG_WARN_INFINITE_RECURSION = YES;
				CLANG_WARN_INT_CONVERSION = YES;
				CLANG_WARN_NON_LITERAL_NULL_CONVERSION = YES;
				CLANG_WARN_OBJC_IMPLICIT_RETAIN_SELF = YES;
				CLANG_WARN_OBJC_LITERAL_CONVERSION = YES;
				CLANG_WARN_OBJC_ROOT_CLASS = YES_ERROR;
				CLANG_WARN_QUOTED_INCLUDE_IN_FRAMEWORK_HEADER = YES;
				CLANG_WARN_RANGE_LOOP_ANALYSIS = YES;
				CLANG_WARN_STRICT_PROTOTYPES = YES;
				CLANG_WARN_SUSPICIOUS_MOVE = YES;
				CLANG_WARN_UNGUARDED_AVAILABILITY = YES_AGGRESSIVE;
				CLANG_WARN_UNREACHABLE_CODE = YES;
				CLANG_WARN__DUPLICATE_METHOD_MATCH = YES;
				COPY_PHASE_STRIP = NO;
				DEBUG_INFORMATION_FORMAT = "dwarf-with-dsym";
				ENABLE_NS_ASSERTIONS = NO;
				ENABLE_STRICT_OBJC_MSGSEND = YES;
				GCC_C_LANGUAGE_STANDARD = gnu11;
				GCC_NO_COMMON_BLOCKS = YES;
				GCC_WARN_64_TO_32_BIT_CONVERSION = YES;
				GCC_WARN_ABOUT_RETURN_TYPE = YES_ERROR;
				GCC_WARN_UNDECLARED_SELECTOR = YES;
				GCC_WARN_UNINITIALIZED_AUTOS = YES_AGGRESSIVE;
				GCC_WARN_UNUSED_FUNCTION = YES;
				GCC_WARN_UNUSED_VARIABLE = YES;
				IPHONEOS_DEPLOYMENT_TARGET = 15.2;
				MTL_ENABLE_DEBUG_INFO = NO;
				MTL_FAST_MATH = YES;
				SDKROOT = iphoneos;
				SWIFT_COMPILATION_MODE = wholemodule;
				SWIFT_OPTIMIZATION_LEVEL = "-O";
				VALIDATE_PRODUCT = YES;
			};
			name = Release;
		};
		5B05CD9927DFBC0300E9047D /* Debug */ = {
			isa = XCBuildConfiguration;
			baseConfigurationReference = 679E13694E7BC39DDE6EB6BE /* Pods-MELITest.debug.xcconfig */;
			buildSettings = {
				ASSETCATALOG_COMPILER_APPICON_NAME = AppIcon;
				ASSETCATALOG_COMPILER_GLOBAL_ACCENT_COLOR_NAME = AccentColor;
				CODE_SIGN_IDENTITY = "Apple Development";
				CODE_SIGN_STYLE = Automatic;
				CURRENT_PROJECT_VERSION = 1;
				DEVELOPMENT_TEAM = FLG9SXDPVM;
				GENERATE_INFOPLIST_FILE = YES;
				INFOPLIST_FILE = MELITest/Info.plist;
				INFOPLIST_KEY_UIApplicationSupportsIndirectInputEvents = YES;
				INFOPLIST_KEY_UILaunchStoryboardName = LaunchScreen;
				INFOPLIST_KEY_UISupportedInterfaceOrientations_iPad = "UIInterfaceOrientationPortrait UIInterfaceOrientationPortraitUpsideDown UIInterfaceOrientationLandscapeLeft UIInterfaceOrientationLandscapeRight";
				INFOPLIST_KEY_UISupportedInterfaceOrientations_iPhone = "UIInterfaceOrientationPortrait UIInterfaceOrientationLandscapeLeft UIInterfaceOrientationLandscapeRight";
				IPHONEOS_DEPLOYMENT_TARGET = 14.0;
				LD_RUNPATH_SEARCH_PATHS = (
					"$(inherited)",
					"@executable_path/Frameworks",
				);
				MARKETING_VERSION = 1.0;
				PRODUCT_BUNDLE_IDENTIFIER = com.testMELI.MELITest;
				PRODUCT_NAME = "$(TARGET_NAME)";
				PROVISIONING_PROFILE_SPECIFIER = "";
				SWIFT_EMIT_LOC_STRINGS = YES;
				SWIFT_VERSION = 5.0;
				TARGETED_DEVICE_FAMILY = "1,2";
				TVOS_DEPLOYMENT_TARGET = 14.0;
			};
			name = Debug;
		};
		5B05CD9A27DFBC0300E9047D /* Release */ = {
			isa = XCBuildConfiguration;
			baseConfigurationReference = 47F205A0A96D53D567D1D89E /* Pods-MELITest.release.xcconfig */;
			buildSettings = {
				ASSETCATALOG_COMPILER_APPICON_NAME = AppIcon;
				ASSETCATALOG_COMPILER_GLOBAL_ACCENT_COLOR_NAME = AccentColor;
				CODE_SIGN_IDENTITY = "Apple Development";
				CODE_SIGN_STYLE = Automatic;
				CURRENT_PROJECT_VERSION = 1;
				DEVELOPMENT_TEAM = FLG9SXDPVM;
				GENERATE_INFOPLIST_FILE = YES;
				INFOPLIST_FILE = MELITest/Info.plist;
				INFOPLIST_KEY_UIApplicationSupportsIndirectInputEvents = YES;
				INFOPLIST_KEY_UILaunchStoryboardName = LaunchScreen;
				INFOPLIST_KEY_UISupportedInterfaceOrientations_iPad = "UIInterfaceOrientationPortrait UIInterfaceOrientationPortraitUpsideDown UIInterfaceOrientationLandscapeLeft UIInterfaceOrientationLandscapeRight";
				INFOPLIST_KEY_UISupportedInterfaceOrientations_iPhone = "UIInterfaceOrientationPortrait UIInterfaceOrientationLandscapeLeft UIInterfaceOrientationLandscapeRight";
				IPHONEOS_DEPLOYMENT_TARGET = 14.0;
				LD_RUNPATH_SEARCH_PATHS = (
					"$(inherited)",
					"@executable_path/Frameworks",
				);
				MARKETING_VERSION = 1.0;
				PRODUCT_BUNDLE_IDENTIFIER = com.testMELI.MELITest;
				PRODUCT_NAME = "$(TARGET_NAME)";
				PROVISIONING_PROFILE_SPECIFIER = "";
				SWIFT_EMIT_LOC_STRINGS = YES;
				SWIFT_VERSION = 5.0;
				TARGETED_DEVICE_FAMILY = "1,2";
				TVOS_DEPLOYMENT_TARGET = 14.0;
			};
			name = Release;
		};
		5B05CD9C27DFBC0300E9047D /* Debug */ = {
			isa = XCBuildConfiguration;
			baseConfigurationReference = 6CA26BDFD01621A35E82D79F /* Pods-MELITestTests.debug.xcconfig */;
			buildSettings = {
				ALWAYS_EMBED_SWIFT_STANDARD_LIBRARIES = YES;
				BUNDLE_LOADER = "$(TEST_HOST)";
				CODE_SIGN_STYLE = Automatic;
				CURRENT_PROJECT_VERSION = 1;
				GENERATE_INFOPLIST_FILE = YES;
				IPHONEOS_DEPLOYMENT_TARGET = 15.2;
				MARKETING_VERSION = 1.0;
				PRODUCT_BUNDLE_IDENTIFIER = com.testMELI.MELITestTests;
				PRODUCT_NAME = "$(TARGET_NAME)";
				SWIFT_EMIT_LOC_STRINGS = NO;
				SWIFT_VERSION = 5.0;
				TARGETED_DEVICE_FAMILY = "1,2";
				TEST_HOST = "$(BUILT_PRODUCTS_DIR)/MELITest.app/MELITest";
			};
			name = Debug;
		};
		5B05CD9D27DFBC0300E9047D /* Release */ = {
			isa = XCBuildConfiguration;
			baseConfigurationReference = AD1491C9F4836CED23D873ED /* Pods-MELITestTests.release.xcconfig */;
			buildSettings = {
				ALWAYS_EMBED_SWIFT_STANDARD_LIBRARIES = YES;
				BUNDLE_LOADER = "$(TEST_HOST)";
				CODE_SIGN_STYLE = Automatic;
				CURRENT_PROJECT_VERSION = 1;
				GENERATE_INFOPLIST_FILE = YES;
				IPHONEOS_DEPLOYMENT_TARGET = 15.2;
				MARKETING_VERSION = 1.0;
				PRODUCT_BUNDLE_IDENTIFIER = com.testMELI.MELITestTests;
				PRODUCT_NAME = "$(TARGET_NAME)";
				SWIFT_EMIT_LOC_STRINGS = NO;
				SWIFT_VERSION = 5.0;
				TARGETED_DEVICE_FAMILY = "1,2";
				TEST_HOST = "$(BUILT_PRODUCTS_DIR)/MELITest.app/MELITest";
			};
			name = Release;
		};
		5B05CD9F27DFBC0300E9047D /* Debug */ = {
			isa = XCBuildConfiguration;
			baseConfigurationReference = 66404C45BD6F1A08D7A2D22A /* Pods-MELITest-MELITestUITests.debug.xcconfig */;
			buildSettings = {
				ALWAYS_EMBED_SWIFT_STANDARD_LIBRARIES = YES;
				CODE_SIGN_STYLE = Automatic;
				CURRENT_PROJECT_VERSION = 1;
				GENERATE_INFOPLIST_FILE = YES;
				MARKETING_VERSION = 1.0;
				PRODUCT_BUNDLE_IDENTIFIER = com.testMELI.MELITestUITests;
				PRODUCT_NAME = "$(TARGET_NAME)";
				SWIFT_EMIT_LOC_STRINGS = NO;
				SWIFT_VERSION = 5.0;
				TARGETED_DEVICE_FAMILY = "1,2";
				TEST_TARGET_NAME = MELITest;
			};
			name = Debug;
		};
		5B05CDA027DFBC0300E9047D /* Release */ = {
			isa = XCBuildConfiguration;
			baseConfigurationReference = C1BD8638A0909E5EB1C918DC /* Pods-MELITest-MELITestUITests.release.xcconfig */;
			buildSettings = {
				ALWAYS_EMBED_SWIFT_STANDARD_LIBRARIES = YES;
				CODE_SIGN_STYLE = Automatic;
				CURRENT_PROJECT_VERSION = 1;
				GENERATE_INFOPLIST_FILE = YES;
				MARKETING_VERSION = 1.0;
				PRODUCT_BUNDLE_IDENTIFIER = com.testMELI.MELITestUITests;
				PRODUCT_NAME = "$(TARGET_NAME)";
				SWIFT_EMIT_LOC_STRINGS = NO;
				SWIFT_VERSION = 5.0;
				TARGETED_DEVICE_FAMILY = "1,2";
				TEST_TARGET_NAME = MELITest;
			};
			name = Release;
		};
/* End XCBuildConfiguration section */

/* Begin XCConfigurationList section */
		5B05CD6927DFBC0000E9047D /* Build configuration list for PBXProject "MELITest" */ = {
			isa = XCConfigurationList;
			buildConfigurations = (
				5B05CD9627DFBC0300E9047D /* Debug */,
				5B05CD9727DFBC0300E9047D /* Release */,
			);
			defaultConfigurationIsVisible = 0;
			defaultConfigurationName = Release;
		};
		5B05CD9827DFBC0300E9047D /* Build configuration list for PBXNativeTarget "MELITest" */ = {
			isa = XCConfigurationList;
			buildConfigurations = (
				5B05CD9927DFBC0300E9047D /* Debug */,
				5B05CD9A27DFBC0300E9047D /* Release */,
			);
			defaultConfigurationIsVisible = 0;
			defaultConfigurationName = Release;
		};
		5B05CD9B27DFBC0300E9047D /* Build configuration list for PBXNativeTarget "MELITestTests" */ = {
			isa = XCConfigurationList;
			buildConfigurations = (
				5B05CD9C27DFBC0300E9047D /* Debug */,
				5B05CD9D27DFBC0300E9047D /* Release */,
			);
			defaultConfigurationIsVisible = 0;
			defaultConfigurationName = Release;
		};
		5B05CD9E27DFBC0300E9047D /* Build configuration list for PBXNativeTarget "MELITestUITests" */ = {
			isa = XCConfigurationList;
			buildConfigurations = (
				5B05CD9F27DFBC0300E9047D /* Debug */,
				5B05CDA027DFBC0300E9047D /* Release */,
			);
			defaultConfigurationIsVisible = 0;
			defaultConfigurationName = Release;
		};
/* End XCConfigurationList section */
	};
	rootObject = 5B05CD6627DFBC0000E9047D /* Project object */;
}
